// !$*UTF8*$!
{
	archiveVersion = 1;
	classes = {
	};
	objectVersion = 56;
	objects = {

/* Begin PBXBuildFile section */
		86486F262AAD2BE2007E9569 /* Renderer.cc in Sources */ = {isa = PBXBuildFile; fileRef = 86486F252AAD2BE2007E9569 /* Renderer.cc */; };
		86486F392AAE2A8D007E9569 /* LICENSE in Resources */ = {isa = PBXBuildFile; fileRef = 86486F382AAE2A8D007E9569 /* LICENSE */; };
		864BDE432A767950005A3A3E /* Foundation.framework in Frameworks */ = {isa = PBXBuildFile; fileRef = 864BDE422A767950005A3A3E /* Foundation.framework */; };
		864BDE452A767959005A3A3E /* QuartzCore.framework in Frameworks */ = {isa = PBXBuildFile; fileRef = 864BDE442A767959005A3A3E /* QuartzCore.framework */; };
		864BDE572A76AAC8005A3A3E /* Shaders.metal in Sources */ = {isa = PBXBuildFile; fileRef = 864BDE562A76AAC8005A3A3E /* Shaders.metal */; };
		864BDE5C2A76C09E005A3A3E /* Scene.cc in Sources */ = {isa = PBXBuildFile; fileRef = 864BDE5B2A76C09E005A3A3E /* Scene.cc */; };
		867F8BC22AB5986700417059 /* Scene.cc in Sources */ = {isa = PBXBuildFile; fileRef = 867F8BC02AB5986700417059 /* Scene.cc */; };
		867F8BC42AB5C78700417059 /* Shaders.metal in Sources */ = {isa = PBXBuildFile; fileRef = 867F8BC32AB5C78700417059 /* Shaders.metal */; };
		867F8BC82AB5CC3900417059 /* Renderer.cc in Sources */ = {isa = PBXBuildFile; fileRef = 867F8BC62AB5CC3900417059 /* Renderer.cc */; };
		867F8BCA2AB6417000417059 /* Impl.cc in Sources */ = {isa = PBXBuildFile; fileRef = 867F8BC92AB6417000417059 /* Impl.cc */; };
		869AA0202B115ABE0046FC17 /* Scene.cc in Sources */ = {isa = PBXBuildFile; fileRef = 869AA01F2B115ABE0046FC17 /* Scene.cc */; };
		869AA0222B115BDD0046FC17 /* Renderer.cc in Sources */ = {isa = PBXBuildFile; fileRef = 869AA0212B115BDD0046FC17 /* Renderer.cc */; };
		869AA0242B115CB10046FC17 /* Shaders.metal in Sources */ = {isa = PBXBuildFile; fileRef = 869AA0232B115CB10046FC17 /* Shaders.metal */; };
		86EF0CC82A6DD4A4008433BD /* Assets.xcassets in Resources */ = {isa = PBXBuildFile; fileRef = 86EF0CC72A6DD4A4008433BD /* Assets.xcassets */; };
		86EF0CCB2A6DD4A4008433BD /* Main.storyboard in Resources */ = {isa = PBXBuildFile; fileRef = 86EF0CC92A6DD4A4008433BD /* Main.storyboard */; };
		86EF0CCD2A6DD4A4008433BD /* main.m in Sources */ = {isa = PBXBuildFile; fileRef = 86EF0CCC2A6DD4A4008433BD /* main.m */; };
		86EF0CD82A6DD4A4008433BD /* daedalusTests.m in Sources */ = {isa = PBXBuildFile; fileRef = 86EF0CD72A6DD4A4008433BD /* daedalusTests.m */; };
		86EF0CE22A6DD4A4008433BD /* daedalusUITests.m in Sources */ = {isa = PBXBuildFile; fileRef = 86EF0CE12A6DD4A4008433BD /* daedalusUITests.m */; };
		86EF0CE42A6DD4A4008433BD /* daedalusUITestsLaunchTests.m in Sources */ = {isa = PBXBuildFile; fileRef = 86EF0CE32A6DD4A4008433BD /* daedalusUITestsLaunchTests.m */; };
		86EF0CFA2A757CBD008433BD /* Metal.framework in Frameworks */ = {isa = PBXBuildFile; fileRef = 86EF0CF92A757CBD008433BD /* Metal.framework */; };
		86EF0CFC2A757CC4008433BD /* MetalKit.framework in Frameworks */ = {isa = PBXBuildFile; fileRef = 86EF0CFB2A757CC4008433BD /* MetalKit.framework */; };
		86EF0CFF2A757EB9008433BD /* App.mm in Sources */ = {isa = PBXBuildFile; fileRef = 86EF0CFE2A757EB9008433BD /* App.mm */; };
/* End PBXBuildFile section */

/* Begin PBXContainerItemProxy section */
		86EF0CD42A6DD4A4008433BD /* PBXContainerItemProxy */ = {
			isa = PBXContainerItemProxy;
			containerPortal = 86EF0CB62A6DD4A3008433BD /* Project object */;
			proxyType = 1;
			remoteGlobalIDString = 86EF0CBD2A6DD4A3008433BD;
			remoteInfo = daedalus;
		};
		86EF0CDE2A6DD4A4008433BD /* PBXContainerItemProxy */ = {
			isa = PBXContainerItemProxy;
			containerPortal = 86EF0CB62A6DD4A3008433BD /* Project object */;
			proxyType = 1;
			remoteGlobalIDString = 86EF0CBD2A6DD4A3008433BD;
			remoteInfo = daedalus;
		};
/* End PBXContainerItemProxy section */

/* Begin PBXFileReference section */
		86486F252AAD2BE2007E9569 /* Renderer.cc */ = {isa = PBXFileReference; lastKnownFileType = sourcecode.cpp.cpp; path = Renderer.cc; sourceTree = "<group>"; };
		86486F282AAD312B007E9569 /* Scene.hh */ = {isa = PBXFileReference; lastKnownFileType = sourcecode.cpp.h; path = Scene.hh; sourceTree = "<group>"; };
		86486F2D2AADD78E007E9569 /* Input.hh */ = {isa = PBXFileReference; lastKnownFileType = sourcecode.cpp.h; path = Input.hh; sourceTree = "<group>"; };
		86486F332AAE2485007E9569 /* metal-cpp */ = {isa = PBXFileReference; lastKnownFileType = folder; path = "metal-cpp"; sourceTree = "<group>"; };
		86486F352AAE24A5007E9569 /* metal-cpp-extensions */ = {isa = PBXFileReference; lastKnownFileType = folder; path = "metal-cpp-extensions"; sourceTree = "<group>"; };
		86486F372AAE26F8007E9569 /* README.md */ = {isa = PBXFileReference; lastKnownFileType = net.daringfireball.markdown; path = README.md; sourceTree = "<group>"; };
		86486F382AAE2A8D007E9569 /* LICENSE */ = {isa = PBXFileReference; fileEncoding = 4; lastKnownFileType = text; path = LICENSE; sourceTree = "<group>"; };
		864BDE422A767950005A3A3E /* Foundation.framework */ = {isa = PBXFileReference; lastKnownFileType = wrapper.framework; name = Foundation.framework; path = System/Library/Frameworks/Foundation.framework; sourceTree = SDKROOT; };
		864BDE442A767959005A3A3E /* QuartzCore.framework */ = {isa = PBXFileReference; lastKnownFileType = wrapper.framework; name = QuartzCore.framework; path = System/Library/Frameworks/QuartzCore.framework; sourceTree = SDKROOT; };
		864BDE562A76AAC8005A3A3E /* Shaders.metal */ = {isa = PBXFileReference; lastKnownFileType = sourcecode.metal; path = Shaders.metal; sourceTree = "<group>"; };
		864BDE5B2A76C09E005A3A3E /* Scene.cc */ = {isa = PBXFileReference; lastKnownFileType = sourcecode.cpp.cpp; path = Scene.cc; sourceTree = "<group>"; };
		864F65252A7703C50071274B /* Engine.hh */ = {isa = PBXFileReference; lastKnownFileType = sourcecode.cpp.h; path = Engine.hh; sourceTree = "<group>"; };
		864F652C2A7830120071274B /* AppKitExt.hh */ = {isa = PBXFileReference; lastKnownFileType = sourcecode.cpp.h; path = AppKitExt.hh; sourceTree = "<group>"; };
		867F8BC02AB5986700417059 /* Scene.cc */ = {isa = PBXFileReference; lastKnownFileType = sourcecode.cpp.cpp; path = Scene.cc; sourceTree = "<group>"; };
		867F8BC12AB5986700417059 /* Scene.hh */ = {isa = PBXFileReference; lastKnownFileType = sourcecode.cpp.h; path = Scene.hh; sourceTree = "<group>"; };
		867F8BC32AB5C78700417059 /* Shaders.metal */ = {isa = PBXFileReference; lastKnownFileType = sourcecode.metal; path = Shaders.metal; sourceTree = "<group>"; };
		867F8BC62AB5CC3900417059 /* Renderer.cc */ = {isa = PBXFileReference; lastKnownFileType = sourcecode.cpp.cpp; path = Renderer.cc; sourceTree = "<group>"; };
		867F8BC92AB6417000417059 /* Impl.cc */ = {isa = PBXFileReference; lastKnownFileType = sourcecode.cpp.cpp; path = Impl.cc; sourceTree = "<group>"; };
		867F8BCC2AB780DC00417059 /* Info.plist */ = {isa = PBXFileReference; lastKnownFileType = text.plist; path = Info.plist; sourceTree = "<group>"; };
		867F8BCD2ABA48CD00417059 /* ShaderTypes.hh */ = {isa = PBXFileReference; lastKnownFileType = sourcecode.cpp.h; path = ShaderTypes.hh; sourceTree = "<group>"; };
		867F8BCE2ABA4AFA00417059 /* ShaderTypes.hh */ = {isa = PBXFileReference; lastKnownFileType = sourcecode.cpp.h; path = ShaderTypes.hh; sourceTree = "<group>"; };
		869AA01E2B115A6A0046FC17 /* Scene.hh */ = {isa = PBXFileReference; lastKnownFileType = sourcecode.cpp.h; path = Scene.hh; sourceTree = "<group>"; };
		869AA01F2B115ABE0046FC17 /* Scene.cc */ = {isa = PBXFileReference; lastKnownFileType = sourcecode.cpp.cpp; path = Scene.cc; sourceTree = "<group>"; };
		869AA0212B115BDD0046FC17 /* Renderer.cc */ = {isa = PBXFileReference; lastKnownFileType = sourcecode.cpp.cpp; path = Renderer.cc; sourceTree = "<group>"; };
		869AA0232B115CB10046FC17 /* Shaders.metal */ = {isa = PBXFileReference; lastKnownFileType = sourcecode.metal; path = Shaders.metal; sourceTree = "<group>"; };
		869AA0252B115CFF0046FC17 /* ShaderTypes.hh */ = {isa = PBXFileReference; lastKnownFileType = sourcecode.cpp.h; path = ShaderTypes.hh; sourceTree = "<group>"; };
		869AA0272B1168960046FC17 /* Math.hh */ = {isa = PBXFileReference; lastKnownFileType = sourcecode.cpp.h; path = Math.hh; sourceTree = "<group>"; };
		86EF0CBE2A6DD4A3008433BD /* daedalus.app */ = {isa = PBXFileReference; explicitFileType = wrapper.application; includeInIndex = 0; path = daedalus.app; sourceTree = BUILT_PRODUCTS_DIR; };
		86EF0CC72A6DD4A4008433BD /* Assets.xcassets */ = {isa = PBXFileReference; lastKnownFileType = folder.assetcatalog; path = Assets.xcassets; sourceTree = "<group>"; };
		86EF0CCA2A6DD4A4008433BD /* Base */ = {isa = PBXFileReference; lastKnownFileType = file.storyboard; name = Base; path = Base.lproj/Main.storyboard; sourceTree = "<group>"; };
		86EF0CCC2A6DD4A4008433BD /* main.m */ = {isa = PBXFileReference; lastKnownFileType = sourcecode.c.objc; path = main.m; sourceTree = "<group>"; };
		86EF0CCE2A6DD4A4008433BD /* daedalus.entitlements */ = {isa = PBXFileReference; lastKnownFileType = text.plist.entitlements; path = daedalus.entitlements; sourceTree = "<group>"; };
		86EF0CD32A6DD4A4008433BD /* daedalusTests.xctest */ = {isa = PBXFileReference; explicitFileType = wrapper.cfbundle; includeInIndex = 0; path = daedalusTests.xctest; sourceTree = BUILT_PRODUCTS_DIR; };
		86EF0CD72A6DD4A4008433BD /* daedalusTests.m */ = {isa = PBXFileReference; lastKnownFileType = sourcecode.c.objc; path = daedalusTests.m; sourceTree = "<group>"; };
		86EF0CDD2A6DD4A4008433BD /* daedalusUITests.xctest */ = {isa = PBXFileReference; explicitFileType = wrapper.cfbundle; includeInIndex = 0; path = daedalusUITests.xctest; sourceTree = BUILT_PRODUCTS_DIR; };
		86EF0CE12A6DD4A4008433BD /* daedalusUITests.m */ = {isa = PBXFileReference; lastKnownFileType = sourcecode.c.objc; path = daedalusUITests.m; sourceTree = "<group>"; };
		86EF0CE32A6DD4A4008433BD /* daedalusUITestsLaunchTests.m */ = {isa = PBXFileReference; lastKnownFileType = sourcecode.c.objc; path = daedalusUITestsLaunchTests.m; sourceTree = "<group>"; };
		86EF0CF92A757CBD008433BD /* Metal.framework */ = {isa = PBXFileReference; lastKnownFileType = wrapper.framework; name = Metal.framework; path = System/Library/Frameworks/Metal.framework; sourceTree = SDKROOT; };
		86EF0CFB2A757CC4008433BD /* MetalKit.framework */ = {isa = PBXFileReference; lastKnownFileType = wrapper.framework; name = MetalKit.framework; path = System/Library/Frameworks/MetalKit.framework; sourceTree = SDKROOT; };
		86EF0CFE2A757EB9008433BD /* App.mm */ = {isa = PBXFileReference; lastKnownFileType = sourcecode.cpp.objcpp; path = App.mm; sourceTree = "<group>"; };
/* End PBXFileReference section */

/* Begin PBXFrameworksBuildPhase section */
		86EF0CBB2A6DD4A3008433BD /* Frameworks */ = {
			isa = PBXFrameworksBuildPhase;
			buildActionMask = 2147483647;
			files = (
				864BDE452A767959005A3A3E /* QuartzCore.framework in Frameworks */,
				864BDE432A767950005A3A3E /* Foundation.framework in Frameworks */,
				86EF0CFA2A757CBD008433BD /* Metal.framework in Frameworks */,
				86EF0CFC2A757CC4008433BD /* MetalKit.framework in Frameworks */,
			);
			runOnlyForDeploymentPostprocessing = 0;
		};
		86EF0CD02A6DD4A4008433BD /* Frameworks */ = {
			isa = PBXFrameworksBuildPhase;
			buildActionMask = 2147483647;
			files = (
			);
			runOnlyForDeploymentPostprocessing = 0;
		};
		86EF0CDA2A6DD4A4008433BD /* Frameworks */ = {
			isa = PBXFrameworksBuildPhase;
			buildActionMask = 2147483647;
			files = (
			);
			runOnlyForDeploymentPostprocessing = 0;
		};
/* End PBXFrameworksBuildPhase section */

/* Begin PBXGroup section */
		86486F242AAD2B41007E9569 /* S13E01 */ = {
			isa = PBXGroup;
			children = (
				864BDE5B2A76C09E005A3A3E /* Scene.cc */,
				864BDE562A76AAC8005A3A3E /* Shaders.metal */,
				86486F252AAD2BE2007E9569 /* Renderer.cc */,
				86486F282AAD312B007E9569 /* Scene.hh */,
				867F8BCE2ABA4AFA00417059 /* ShaderTypes.hh */,
			);
			path = S13E01;
			sourceTree = "<group>";
		};
		864BDE582A76C02D005A3A3E /* Scenes */ = {
			isa = PBXGroup;
			children = (
				869AA01D2B1159490046FC17 /* NavigateCube */,
				867F8BBF2AB5965800417059 /* S13E02 */,
				86486F242AAD2B41007E9569 /* S13E01 */,
			);
			path = Scenes;
			sourceTree = "<group>";
		};
		864F652A2A77B1470071274B /* Utility */ = {
			isa = PBXGroup;
			children = (
				864F652C2A7830120071274B /* AppKitExt.hh */,
				867F8BC92AB6417000417059 /* Impl.cc */,
				869AA0272B1168960046FC17 /* Math.hh */,
			);
			path = Utility;
			sourceTree = "<group>";
		};
		867F8BBF2AB5965800417059 /* S13E02 */ = {
			isa = PBXGroup;
			children = (
				867F8BC02AB5986700417059 /* Scene.cc */,
				867F8BC12AB5986700417059 /* Scene.hh */,
				867F8BC32AB5C78700417059 /* Shaders.metal */,
				867F8BC62AB5CC3900417059 /* Renderer.cc */,
				867F8BCD2ABA48CD00417059 /* ShaderTypes.hh */,
			);
			path = S13E02;
			sourceTree = "<group>";
		};
		869AA01D2B1159490046FC17 /* NavigateCube */ = {
			isa = PBXGroup;
			children = (
				869AA01E2B115A6A0046FC17 /* Scene.hh */,
				869AA01F2B115ABE0046FC17 /* Scene.cc */,
				869AA0212B115BDD0046FC17 /* Renderer.cc */,
				869AA0232B115CB10046FC17 /* Shaders.metal */,
				869AA0252B115CFF0046FC17 /* ShaderTypes.hh */,
			);
			path = NavigateCube;
			sourceTree = "<group>";
		};
		86EF0CB52A6DD4A3008433BD = {
			isa = PBXGroup;
			children = (
				86486F372AAE26F8007E9569 /* README.md */,
				86486F352AAE24A5007E9569 /* metal-cpp-extensions */,
				86486F332AAE2485007E9569 /* metal-cpp */,
				86EF0CC02A6DD4A3008433BD /* daedalus */,
				86EF0CD62A6DD4A4008433BD /* daedalusTests */,
				86EF0CE02A6DD4A4008433BD /* daedalusUITests */,
				86EF0CBF2A6DD4A3008433BD /* Products */,
				86EF0CF82A757CBD008433BD /* Frameworks */,
			);
			sourceTree = "<group>";
		};
		86EF0CBF2A6DD4A3008433BD /* Products */ = {
			isa = PBXGroup;
			children = (
				86EF0CBE2A6DD4A3008433BD /* daedalus.app */,
				86EF0CD32A6DD4A4008433BD /* daedalusTests.xctest */,
				86EF0CDD2A6DD4A4008433BD /* daedalusUITests.xctest */,
			);
			name = Products;
			sourceTree = "<group>";
		};
		86EF0CC02A6DD4A3008433BD /* daedalus */ = {
			isa = PBXGroup;
			children = (
				867F8BCC2AB780DC00417059 /* Info.plist */,
				86486F382AAE2A8D007E9569 /* LICENSE */,
				864F652A2A77B1470071274B /* Utility */,
				864BDE582A76C02D005A3A3E /* Scenes */,
				86EF0CF42A756EB3008433BD /* Engine */,
				86EF0CF32A756DEE008433BD /* macOS */,
				86EF0CC72A6DD4A4008433BD /* Assets.xcassets */,
				86EF0CC92A6DD4A4008433BD /* Main.storyboard */,
				86EF0CCC2A6DD4A4008433BD /* main.m */,
				86EF0CCE2A6DD4A4008433BD /* daedalus.entitlements */,
			);
			path = daedalus;
			sourceTree = "<group>";
		};
		86EF0CD62A6DD4A4008433BD /* daedalusTests */ = {
			isa = PBXGroup;
			children = (
				86EF0CD72A6DD4A4008433BD /* daedalusTests.m */,
			);
			path = daedalusTests;
			sourceTree = "<group>";
		};
		86EF0CE02A6DD4A4008433BD /* daedalusUITests */ = {
			isa = PBXGroup;
			children = (
				86EF0CE12A6DD4A4008433BD /* daedalusUITests.m */,
				86EF0CE32A6DD4A4008433BD /* daedalusUITestsLaunchTests.m */,
			);
			path = daedalusUITests;
			sourceTree = "<group>";
		};
		86EF0CF32A756DEE008433BD /* macOS */ = {
			isa = PBXGroup;
			children = (
				86EF0CFE2A757EB9008433BD /* App.mm */,
			);
			path = macOS;
			sourceTree = "<group>";
		};
		86EF0CF42A756EB3008433BD /* Engine */ = {
			isa = PBXGroup;
			children = (
				864F65252A7703C50071274B /* Engine.hh */,
				86486F2D2AADD78E007E9569 /* Input.hh */,
			);
			path = Engine;
			sourceTree = "<group>";
		};
		86EF0CF82A757CBD008433BD /* Frameworks */ = {
			isa = PBXGroup;
			children = (
				864BDE442A767959005A3A3E /* QuartzCore.framework */,
				864BDE422A767950005A3A3E /* Foundation.framework */,
				86EF0CFB2A757CC4008433BD /* MetalKit.framework */,
				86EF0CF92A757CBD008433BD /* Metal.framework */,
			);
			name = Frameworks;
			sourceTree = "<group>";
		};
/* End PBXGroup section */

/* Begin PBXNativeTarget section */
		86EF0CBD2A6DD4A3008433BD /* daedalus */ = {
			isa = PBXNativeTarget;
			buildConfigurationList = 86EF0CE72A6DD4A4008433BD /* Build configuration list for PBXNativeTarget "daedalus" */;
			buildPhases = (
				86EF0CBA2A6DD4A3008433BD /* Sources */,
				86EF0CBB2A6DD4A3008433BD /* Frameworks */,
				86EF0CBC2A6DD4A3008433BD /* Resources */,
			);
			buildRules = (
			);
			dependencies = (
			);
			name = daedalus;
			productName = daedalus;
			productReference = 86EF0CBE2A6DD4A3008433BD /* daedalus.app */;
			productType = "com.apple.product-type.application";
		};
		86EF0CD22A6DD4A4008433BD /* daedalusTests */ = {
			isa = PBXNativeTarget;
			buildConfigurationList = 86EF0CEA2A6DD4A4008433BD /* Build configuration list for PBXNativeTarget "daedalusTests" */;
			buildPhases = (
				86EF0CCF2A6DD4A4008433BD /* Sources */,
				86EF0CD02A6DD4A4008433BD /* Frameworks */,
				86EF0CD12A6DD4A4008433BD /* Resources */,
			);
			buildRules = (
			);
			dependencies = (
				86EF0CD52A6DD4A4008433BD /* PBXTargetDependency */,
			);
			name = daedalusTests;
			productName = daedalusTests;
			productReference = 86EF0CD32A6DD4A4008433BD /* daedalusTests.xctest */;
			productType = "com.apple.product-type.bundle.unit-test";
		};
		86EF0CDC2A6DD4A4008433BD /* daedalusUITests */ = {
			isa = PBXNativeTarget;
			buildConfigurationList = 86EF0CED2A6DD4A4008433BD /* Build configuration list for PBXNativeTarget "daedalusUITests" */;
			buildPhases = (
				86EF0CD92A6DD4A4008433BD /* Sources */,
				86EF0CDA2A6DD4A4008433BD /* Frameworks */,
				86EF0CDB2A6DD4A4008433BD /* Resources */,
			);
			buildRules = (
			);
			dependencies = (
				86EF0CDF2A6DD4A4008433BD /* PBXTargetDependency */,
			);
			name = daedalusUITests;
			productName = daedalusUITests;
			productReference = 86EF0CDD2A6DD4A4008433BD /* daedalusUITests.xctest */;
			productType = "com.apple.product-type.bundle.ui-testing";
		};
/* End PBXNativeTarget section */

/* Begin PBXProject section */
		86EF0CB62A6DD4A3008433BD /* Project object */ = {
			isa = PBXProject;
			attributes = {
				BuildIndependentTargetsInParallel = 1;
				LastUpgradeCheck = 1430;
				TargetAttributes = {
					86EF0CBD2A6DD4A3008433BD = {
						CreatedOnToolsVersion = 14.3.1;
					};
					86EF0CD22A6DD4A4008433BD = {
						CreatedOnToolsVersion = 14.3.1;
						TestTargetID = 86EF0CBD2A6DD4A3008433BD;
					};
					86EF0CDC2A6DD4A4008433BD = {
						CreatedOnToolsVersion = 14.3.1;
						TestTargetID = 86EF0CBD2A6DD4A3008433BD;
					};
				};
			};
			buildConfigurationList = 86EF0CB92A6DD4A3008433BD /* Build configuration list for PBXProject "daedalus" */;
			compatibilityVersion = "Xcode 14.0";
			developmentRegion = en;
			hasScannedForEncodings = 0;
			knownRegions = (
				en,
				Base,
			);
			mainGroup = 86EF0CB52A6DD4A3008433BD;
			productRefGroup = 86EF0CBF2A6DD4A3008433BD /* Products */;
			projectDirPath = "";
			projectRoot = "";
			targets = (
				86EF0CBD2A6DD4A3008433BD /* daedalus */,
				86EF0CD22A6DD4A4008433BD /* daedalusTests */,
				86EF0CDC2A6DD4A4008433BD /* daedalusUITests */,
			);
		};
/* End PBXProject section */

/* Begin PBXResourcesBuildPhase section */
		86EF0CBC2A6DD4A3008433BD /* Resources */ = {
			isa = PBXResourcesBuildPhase;
			buildActionMask = 2147483647;
			files = (
				86486F392AAE2A8D007E9569 /* LICENSE in Resources */,
				86EF0CC82A6DD4A4008433BD /* Assets.xcassets in Resources */,
				86EF0CCB2A6DD4A4008433BD /* Main.storyboard in Resources */,
			);
			runOnlyForDeploymentPostprocessing = 0;
		};
		86EF0CD12A6DD4A4008433BD /* Resources */ = {
			isa = PBXResourcesBuildPhase;
			buildActionMask = 2147483647;
			files = (
			);
			runOnlyForDeploymentPostprocessing = 0;
		};
		86EF0CDB2A6DD4A4008433BD /* Resources */ = {
			isa = PBXResourcesBuildPhase;
			buildActionMask = 2147483647;
			files = (
			);
			runOnlyForDeploymentPostprocessing = 0;
		};
/* End PBXResourcesBuildPhase section */

/* Begin PBXSourcesBuildPhase section */
		86EF0CBA2A6DD4A3008433BD /* Sources */ = {
			isa = PBXSourcesBuildPhase;
			buildActionMask = 2147483647;
			files = (
				869AA0242B115CB10046FC17 /* Shaders.metal in Sources */,
				864BDE572A76AAC8005A3A3E /* Shaders.metal in Sources */,
				86EF0CFF2A757EB9008433BD /* App.mm in Sources */,
				867F8BCA2AB6417000417059 /* Impl.cc in Sources */,
				867F8BC82AB5CC3900417059 /* Renderer.cc in Sources */,
				869AA0222B115BDD0046FC17 /* Renderer.cc in Sources */,
				867F8BC42AB5C78700417059 /* Shaders.metal in Sources */,
				86EF0CCD2A6DD4A4008433BD /* main.m in Sources */,
				86486F262AAD2BE2007E9569 /* Renderer.cc in Sources */,
				867F8BC22AB5986700417059 /* Scene.cc in Sources */,
				869AA0202B115ABE0046FC17 /* Scene.cc in Sources */,
				864BDE5C2A76C09E005A3A3E /* Scene.cc in Sources */,
			);
			runOnlyForDeploymentPostprocessing = 0;
		};
		86EF0CCF2A6DD4A4008433BD /* Sources */ = {
			isa = PBXSourcesBuildPhase;
			buildActionMask = 2147483647;
			files = (
				86EF0CD82A6DD4A4008433BD /* daedalusTests.m in Sources */,
			);
			runOnlyForDeploymentPostprocessing = 0;
		};
		86EF0CD92A6DD4A4008433BD /* Sources */ = {
			isa = PBXSourcesBuildPhase;
			buildActionMask = 2147483647;
			files = (
				86EF0CE22A6DD4A4008433BD /* daedalusUITests.m in Sources */,
				86EF0CE42A6DD4A4008433BD /* daedalusUITestsLaunchTests.m in Sources */,
			);
			runOnlyForDeploymentPostprocessing = 0;
		};
/* End PBXSourcesBuildPhase section */

/* Begin PBXTargetDependency section */
		86EF0CD52A6DD4A4008433BD /* PBXTargetDependency */ = {
			isa = PBXTargetDependency;
			target = 86EF0CBD2A6DD4A3008433BD /* daedalus */;
			targetProxy = 86EF0CD42A6DD4A4008433BD /* PBXContainerItemProxy */;
		};
		86EF0CDF2A6DD4A4008433BD /* PBXTargetDependency */ = {
			isa = PBXTargetDependency;
			target = 86EF0CBD2A6DD4A3008433BD /* daedalus */;
			targetProxy = 86EF0CDE2A6DD4A4008433BD /* PBXContainerItemProxy */;
		};
/* End PBXTargetDependency section */

/* Begin PBXVariantGroup section */
		86EF0CC92A6DD4A4008433BD /* Main.storyboard */ = {
			isa = PBXVariantGroup;
			children = (
				86EF0CCA2A6DD4A4008433BD /* Base */,
			);
			name = Main.storyboard;
			sourceTree = "<group>";
		};
/* End PBXVariantGroup section */

/* Begin XCBuildConfiguration section */
		86EF0CE52A6DD4A4008433BD /* Debug */ = {
			isa = XCBuildConfiguration;
			buildSettings = {
				ALWAYS_SEARCH_USER_PATHS = NO;
				CLANG_ANALYZER_NONNULL = YES;
				CLANG_ANALYZER_NUMBER_OBJECT_CONVERSION = YES_AGGRESSIVE;
				CLANG_CXX_LANGUAGE_STANDARD = "gnu++20";
				CLANG_ENABLE_MODULES = YES;
				CLANG_ENABLE_OBJC_ARC = YES;
				CLANG_ENABLE_OBJC_WEAK = YES;
				CLANG_WARN_BLOCK_CAPTURE_AUTORELEASING = YES;
				CLANG_WARN_BOOL_CONVERSION = YES;
				CLANG_WARN_COMMA = YES;
				CLANG_WARN_CONSTANT_CONVERSION = YES;
				CLANG_WARN_DEPRECATED_OBJC_IMPLEMENTATIONS = YES;
				CLANG_WARN_DIRECT_OBJC_ISA_USAGE = YES_ERROR;
				CLANG_WARN_DOCUMENTATION_COMMENTS = YES;
				CLANG_WARN_EMPTY_BODY = YES;
				CLANG_WARN_ENUM_CONVERSION = YES;
				CLANG_WARN_INFINITE_RECURSION = YES;
				CLANG_WARN_INT_CONVERSION = YES;
				CLANG_WARN_NON_LITERAL_NULL_CONVERSION = YES;
				CLANG_WARN_OBJC_IMPLICIT_RETAIN_SELF = YES;
				CLANG_WARN_OBJC_LITERAL_CONVERSION = YES;
				CLANG_WARN_OBJC_ROOT_CLASS = YES_ERROR;
				CLANG_WARN_QUOTED_INCLUDE_IN_FRAMEWORK_HEADER = YES;
				CLANG_WARN_RANGE_LOOP_ANALYSIS = YES;
				CLANG_WARN_STRICT_PROTOTYPES = YES;
				CLANG_WARN_SUSPICIOUS_MOVE = YES;
				CLANG_WARN_UNGUARDED_AVAILABILITY = YES_AGGRESSIVE;
				CLANG_WARN_UNREACHABLE_CODE = YES;
				CLANG_WARN__DUPLICATE_METHOD_MATCH = YES;
				COPY_PHASE_STRIP = NO;
				DEBUG_INFORMATION_FORMAT = dwarf;
				ENABLE_STRICT_OBJC_MSGSEND = YES;
				ENABLE_TESTABILITY = YES;
				GCC_C_LANGUAGE_STANDARD = gnu11;
				GCC_DYNAMIC_NO_PIC = NO;
				GCC_NO_COMMON_BLOCKS = YES;
				GCC_OPTIMIZATION_LEVEL = 0;
				GCC_PREPROCESSOR_DEFINITIONS = (
					"DEBUG=1",
					"$(inherited)",
				);
				GCC_WARN_64_TO_32_BIT_CONVERSION = YES;
				GCC_WARN_ABOUT_RETURN_TYPE = YES_ERROR;
				GCC_WARN_UNDECLARED_SELECTOR = YES;
				GCC_WARN_UNINITIALIZED_AUTOS = YES_AGGRESSIVE;
				GCC_WARN_UNUSED_FUNCTION = YES;
				GCC_WARN_UNUSED_VARIABLE = YES;
				MACOSX_DEPLOYMENT_TARGET = 13.2;
				MTL_ENABLE_DEBUG_INFO = INCLUDE_SOURCE;
				MTL_FAST_MATH = YES;
				ONLY_ACTIVE_ARCH = YES;
				SDKROOT = macosx;
			};
			name = Debug;
		};
		86EF0CE62A6DD4A4008433BD /* Release */ = {
			isa = XCBuildConfiguration;
			buildSettings = {
				ALWAYS_SEARCH_USER_PATHS = NO;
				CLANG_ANALYZER_NONNULL = YES;
				CLANG_ANALYZER_NUMBER_OBJECT_CONVERSION = YES_AGGRESSIVE;
				CLANG_CXX_LANGUAGE_STANDARD = "gnu++20";
				CLANG_ENABLE_MODULES = YES;
				CLANG_ENABLE_OBJC_ARC = YES;
				CLANG_ENABLE_OBJC_WEAK = YES;
				CLANG_WARN_BLOCK_CAPTURE_AUTORELEASING = YES;
				CLANG_WARN_BOOL_CONVERSION = YES;
				CLANG_WARN_COMMA = YES;
				CLANG_WARN_CONSTANT_CONVERSION = YES;
				CLANG_WARN_DEPRECATED_OBJC_IMPLEMENTATIONS = YES;
				CLANG_WARN_DIRECT_OBJC_ISA_USAGE = YES_ERROR;
				CLANG_WARN_DOCUMENTATION_COMMENTS = YES;
				CLANG_WARN_EMPTY_BODY = YES;
				CLANG_WARN_ENUM_CONVERSION = YES;
				CLANG_WARN_INFINITE_RECURSION = YES;
				CLANG_WARN_INT_CONVERSION = YES;
				CLANG_WARN_NON_LITERAL_NULL_CONVERSION = YES;
				CLANG_WARN_OBJC_IMPLICIT_RETAIN_SELF = YES;
				CLANG_WARN_OBJC_LITERAL_CONVERSION = YES;
				CLANG_WARN_OBJC_ROOT_CLASS = YES_ERROR;
				CLANG_WARN_QUOTED_INCLUDE_IN_FRAMEWORK_HEADER = YES;
				CLANG_WARN_RANGE_LOOP_ANALYSIS = YES;
				CLANG_WARN_STRICT_PROTOTYPES = YES;
				CLANG_WARN_SUSPICIOUS_MOVE = YES;
				CLANG_WARN_UNGUARDED_AVAILABILITY = YES_AGGRESSIVE;
				CLANG_WARN_UNREACHABLE_CODE = YES;
				CLANG_WARN__DUPLICATE_METHOD_MATCH = YES;
				COPY_PHASE_STRIP = NO;
				DEBUG_INFORMATION_FORMAT = "dwarf-with-dsym";
				ENABLE_NS_ASSERTIONS = NO;
				ENABLE_STRICT_OBJC_MSGSEND = YES;
				GCC_C_LANGUAGE_STANDARD = gnu11;
				GCC_NO_COMMON_BLOCKS = YES;
				GCC_WARN_64_TO_32_BIT_CONVERSION = YES;
				GCC_WARN_ABOUT_RETURN_TYPE = YES_ERROR;
				GCC_WARN_UNDECLARED_SELECTOR = YES;
				GCC_WARN_UNINITIALIZED_AUTOS = YES_AGGRESSIVE;
				GCC_WARN_UNUSED_FUNCTION = YES;
				GCC_WARN_UNUSED_VARIABLE = YES;
				MACOSX_DEPLOYMENT_TARGET = 13.2;
				MTL_ENABLE_DEBUG_INFO = NO;
				MTL_FAST_MATH = YES;
				SDKROOT = macosx;
			};
			name = Release;
		};
		86EF0CE82A6DD4A4008433BD /* Debug */ = {
			isa = XCBuildConfiguration;
			buildSettings = {
				ASSETCATALOG_COMPILER_APPICON_NAME = AppIcon;
				ASSETCATALOG_COMPILER_GLOBAL_ACCENT_COLOR_NAME = AccentColor;
				CODE_SIGN_ENTITLEMENTS = daedalus/daedalus.entitlements;
				"CODE_SIGN_IDENTITY[sdk=macosx*]" = "Apple Development";
				CODE_SIGN_STYLE = Automatic;
				COMBINE_HIDPI_IMAGES = YES;
				CURRENT_PROJECT_VERSION = 1;
				DEVELOPMENT_TEAM = 496X8668HV;
				ENABLE_HARDENED_RUNTIME = YES;
				GENERATE_INFOPLIST_FILE = YES;
				HEADER_SEARCH_PATHS = (
					"metal-cpp-extensions",
					"metal-cpp",
				);
				INFOPLIST_FILE = daedalus/Info.plist;
				INFOPLIST_KEY_NSHumanReadableCopyright = "";
				INFOPLIST_KEY_NSMainStoryboardFile = Main;
				INFOPLIST_KEY_NSPrincipalClass = NSApplication;
				LD_RUNPATH_SEARCH_PATHS = (
					"$(inherited)",
					"@executable_path/../Frameworks",
				);
				MARKETING_VERSION = 1.0;
				PRODUCT_BUNDLE_IDENTIFIER = eu.szakallas.daedalus;
				PRODUCT_NAME = "$(TARGET_NAME)";
				SWIFT_EMIT_LOC_STRINGS = YES;
			};
			name = Debug;
		};
		86EF0CE92A6DD4A4008433BD /* Release */ = {
			isa = XCBuildConfiguration;
			buildSettings = {
				ASSETCATALOG_COMPILER_APPICON_NAME = AppIcon;
				ASSETCATALOG_COMPILER_GLOBAL_ACCENT_COLOR_NAME = AccentColor;
				CODE_SIGN_ENTITLEMENTS = daedalus/daedalus.entitlements;
				"CODE_SIGN_IDENTITY[sdk=macosx*]" = "Apple Development";
				CODE_SIGN_STYLE = Automatic;
				COMBINE_HIDPI_IMAGES = YES;
				CURRENT_PROJECT_VERSION = 1;
				DEVELOPMENT_TEAM = 496X8668HV;
				ENABLE_HARDENED_RUNTIME = YES;
				GENERATE_INFOPLIST_FILE = YES;
				HEADER_SEARCH_PATHS = (
					"metal-cpp-extensions",
					"metal-cpp",
				);
				INFOPLIST_FILE = daedalus/Info.plist;
				INFOPLIST_KEY_NSHumanReadableCopyright = "";
				INFOPLIST_KEY_NSMainStoryboardFile = Main;
				INFOPLIST_KEY_NSPrincipalClass = NSApplication;
				LD_RUNPATH_SEARCH_PATHS = (
					"$(inherited)",
					"@executable_path/../Frameworks",
				);
				MARKETING_VERSION = 1.0;
				PRODUCT_BUNDLE_IDENTIFIER = eu.szakallas.daedalus;
				PRODUCT_NAME = "$(TARGET_NAME)";
				SWIFT_EMIT_LOC_STRINGS = YES;
			};
			name = Release;
		};
		86EF0CEB2A6DD4A4008433BD /* Debug */ = {
			isa = XCBuildConfiguration;
			buildSettings = {
				BUNDLE_LOADER = "$(TEST_HOST)";
				CODE_SIGN_STYLE = Automatic;
				CURRENT_PROJECT_VERSION = 1;
				DEVELOPMENT_TEAM = 496X8668HV;
				GENERATE_INFOPLIST_FILE = YES;
				MACOSX_DEPLOYMENT_TARGET = 13.2;
				MARKETING_VERSION = 1.0;
				PRODUCT_BUNDLE_IDENTIFIER = eu.szakallas.daedalusTests;
				PRODUCT_NAME = "$(TARGET_NAME)";
				SWIFT_EMIT_LOC_STRINGS = NO;
				TEST_HOST = "$(BUILT_PRODUCTS_DIR)/daedalus.app/$(BUNDLE_EXECUTABLE_FOLDER_PATH)/daedalus";
			};
			name = Debug;
		};
		86EF0CEC2A6DD4A4008433BD /* Release */ = {
			isa = XCBuildConfiguration;
			buildSettings = {
				BUNDLE_LOADER = "$(TEST_HOST)";
				CODE_SIGN_STYLE = Automatic;
				CURRENT_PROJECT_VERSION = 1;
				DEVELOPMENT_TEAM = 496X8668HV;
				GENERATE_INFOPLIST_FILE = YES;
				MACOSX_DEPLOYMENT_TARGET = 13.2;
				MARKETING_VERSION = 1.0;
				PRODUCT_BUNDLE_IDENTIFIER = eu.szakallas.daedalusTests;
				PRODUCT_NAME = "$(TARGET_NAME)";
				SWIFT_EMIT_LOC_STRINGS = NO;
				TEST_HOST = "$(BUILT_PRODUCTS_DIR)/daedalus.app/$(BUNDLE_EXECUTABLE_FOLDER_PATH)/daedalus";
			};
			name = Release;
		};
		86EF0CEE2A6DD4A4008433BD /* Debug */ = {
			isa = XCBuildConfiguration;
			buildSettings = {
				CODE_SIGN_STYLE = Automatic;
				CURRENT_PROJECT_VERSION = 1;
				DEVELOPMENT_TEAM = 496X8668HV;
				GENERATE_INFOPLIST_FILE = YES;
				MARKETING_VERSION = 1.0;
				PRODUCT_BUNDLE_IDENTIFIER = eu.szakallas.daedalusUITests;
				PRODUCT_NAME = "$(TARGET_NAME)";
				SWIFT_EMIT_LOC_STRINGS = NO;
				TEST_TARGET_NAME = daedalus;
			};
			name = Debug;
		};
		86EF0CEF2A6DD4A4008433BD /* Release */ = {
			isa = XCBuildConfiguration;
			buildSettings = {
				CODE_SIGN_STYLE = Automatic;
				CURRENT_PROJECT_VERSION = 1;
				DEVELOPMENT_TEAM = 496X8668HV;
				GENERATE_INFOPLIST_FILE = YES;
				MARKETING_VERSION = 1.0;
				PRODUCT_BUNDLE_IDENTIFIER = eu.szakallas.daedalusUITests;
				PRODUCT_NAME = "$(TARGET_NAME)";
				SWIFT_EMIT_LOC_STRINGS = NO;
				TEST_TARGET_NAME = daedalus;
			};
			name = Release;
		};
/* End XCBuildConfiguration section */

/* Begin XCConfigurationList section */
		86EF0CB92A6DD4A3008433BD /* Build configuration list for PBXProject "daedalus" */ = {
			isa = XCConfigurationList;
			buildConfigurations = (
				86EF0CE52A6DD4A4008433BD /* Debug */,
				86EF0CE62A6DD4A4008433BD /* Release */,
			);
			defaultConfigurationIsVisible = 0;
			defaultConfigurationName = Release;
		};
		86EF0CE72A6DD4A4008433BD /* Build configuration list for PBXNativeTarget "daedalus" */ = {
			isa = XCConfigurationList;
			buildConfigurations = (
				86EF0CE82A6DD4A4008433BD /* Debug */,
				86EF0CE92A6DD4A4008433BD /* Release */,
			);
			defaultConfigurationIsVisible = 0;
			defaultConfigurationName = Release;
		};
		86EF0CEA2A6DD4A4008433BD /* Build configuration list for PBXNativeTarget "daedalusTests" */ = {
			isa = XCConfigurationList;
			buildConfigurations = (
				86EF0CEB2A6DD4A4008433BD /* Debug */,
				86EF0CEC2A6DD4A4008433BD /* Release */,
			);
			defaultConfigurationIsVisible = 0;
			defaultConfigurationName = Release;
		};
		86EF0CED2A6DD4A4008433BD /* Build configuration list for PBXNativeTarget "daedalusUITests" */ = {
			isa = XCConfigurationList;
			buildConfigurations = (
				86EF0CEE2A6DD4A4008433BD /* Debug */,
				86EF0CEF2A6DD4A4008433BD /* Release */,
			);
			defaultConfigurationIsVisible = 0;
			defaultConfigurationName = Release;
		};
/* End XCConfigurationList section */
	};
	rootObject = 86EF0CB62A6DD4A3008433BD /* Project object */;
}
